
Microsoft Visual Studio Solution File, Format Version 12.00
# Visual Studio Version 17
VisualStudioVersion = 17.0.32112.339
MinimumVisualStudioVersion = 10.0.40219.1
Project("{FAE04EC0-301F-11D3-BF4B-00C04F79EFBC}") = "Chapter 6 Lab 2 Kelley", "Chapter 6 Lab 2 Kelley.csproj", "{30293145-CA67-4FE7-8FFE-BBD103D32BF7}"
EndProject
Global
	GlobalSection(SolutionConfigurationPlatforms) = preSolution
		Debug|Any CPU = Debug|Any CPU
		Release|Any CPU = Release|Any CPU
	EndGlobalSection
	GlobalSection(ProjectConfigurationPlatforms) = postSolution
		{30293145-CA67-4FE7-8FFE-BBD103D32BF7}.Debug|Any CPU.ActiveCfg = Debug|Any CPU
		{30293145-CA67-4FE7-8FFE-BBD103D32BF7}.Debug|Any CPU.Build.0 = Debug|Any CPU
		{30293145-CA67-4FE7-8FFE-BBD103D32BF7}.Release|Any CPU.ActiveCfg = Release|Any CPU
		{30293145-CA67-4FE7-8FFE-BBD103D32BF7}.Release|Any CPU.Build.0 = Release|Any CPU
	EndGlobalSection
	GlobalSection(SolutionProperties) = preSolution
		HideSolutionNode = FALSE
	EndGlobalSection
	GlobalSection(ExtensibilityGlobals) = postSolution
		SolutionGuid = {280D0C1A-1BB8-4E24-815D-DD6FA75B8FBF}
	EndGlobalSection
EndGlobal
